{
  "version": "5",
  "specifiers": {
    "jsr:@hono/hono@^4.9.4": "4.9.4",
    "npm:@libsql/client@~0.15.14": "0.15.14",
    "npm:@opentelemetry/api@1": "1.9.0",
    "npm:@opentelemetry/api@^1.9.0": "1.9.0",
    "npm:@tursodatabase/serverless@~0.1.3": "0.1.3",
    "npm:@types/node@*": "24.2.0",
    "npm:libsql@0.5.17": "0.5.17"
  },
  "jsr": {
    "@hono/hono@4.9.4": {
      "integrity": "de006e32f3bab18e5a5bed4c75c5e0aaa46958d3653e6646b534a874d690dccc"
    }
  },
  "npm": {
    "@libsql/client@0.15.14": {
      "integrity": "sha512-oXeFYcSyAsYWvpWVmynrwNwb+NHNHtMfSIVdfQTF1B9RsgDXQE5YCDP3SS0i1FA8nuLWy2trFDVwP1b2LNdNPQ==",
      "dependencies": [
        "@libsql/core",
        "@libsql/hrana-client",
        "js-base64",
        "libsql@0.5.17",
        "promise-limit"
      ]
    },
    "@libsql/core@0.15.14": {
      "integrity": "sha512-b2eVQma78Ss+edIIFi7LnhhyUy5hAJjYvrSAD5RFdO/YKP2rEvNAT1pIn2Li7NrqcsMmoEQWlpUWH4fWMdXtpQ==",
      "dependencies": [
        "js-base64"
      ]
    },
    "@libsql/darwin-arm64@0.5.17": {
      "integrity": "sha512-WTYG2skZsUnZmfZ2v7WFj7s3/5s2PfrYBZOWBKOnxHA8g4XCDc/4bFDaqob9Q2e88+GC7cWeJ8VNkVBFpD2Xxg==",
      "os": ["darwin"],
      "cpu": ["arm64"]
    },
    "@libsql/darwin-arm64@0.5.20": {
      "integrity": "sha512-faHM2FX26xruO4w76YkW+lA28yKcTIzNiGvK9Q8+8sCuC7cn3KdMO6KJ84c6fJQwtwG+F4hxIoy95U5FYge3bg==",
      "os": ["darwin"],
      "cpu": ["arm64"]
    },
    "@libsql/darwin-x64@0.5.17": {
      "integrity": "sha512-ab0RlTR4KYrxgjNrZhAhY/10GibKoq6G0W4oi0kdm+eYiAv/Ip8GDMpSaZdAcoKA4T+iKR/ehczKHnMEB8MFxA==",
      "os": ["darwin"],
      "cpu": ["x64"]
    },
    "@libsql/darwin-x64@0.5.20": {
      "integrity": "sha512-19l0oEW/r2kZxDJg+w53C0kq7eFFKpeKDEjV/FAAkBfQwJoGqS4sep9u1fK1X3KzOF5rB8cVyIrQGk+6ibzUeQ==",
      "os": ["darwin"],
      "cpu": ["x64"]
    },
    "@libsql/hrana-client@0.7.0": {
      "integrity": "sha512-OF8fFQSkbL7vJY9rfuegK1R7sPgQ6kFMkDamiEccNUvieQ+3urzfDFI616oPl8V7T9zRmnTkSjMOImYCAVRVuw==",
      "dependencies": [
        "@libsql/isomorphic-fetch",
        "@libsql/isomorphic-ws",
        "js-base64",
        "node-fetch"
      ]
    },
    "@libsql/isomorphic-fetch@0.3.1": {
      "integrity": "sha512-6kK3SUK5Uu56zPq/Las620n5aS9xJq+jMBcNSOmjhNf/MUvdyji4vrMTqD7ptY7/4/CAVEAYDeotUz60LNQHtw=="
    },
    "@libsql/isomorphic-ws@0.1.5": {
      "integrity": "sha512-DtLWIH29onUYR00i0GlQ3UdcTRC6EP4u9w/h9LxpUZJWRMARk6dQwZ6Jkd+QdwVpuAOrdxt18v0K2uIYR3fwFg==",
      "dependencies": [
        "@types/ws",
        "ws"
      ]
    },
    "@libsql/linux-arm-gnueabihf@0.5.17": {
      "integrity": "sha512-PcASh4k47RqC+kMWAbLUKf1y6Do0q8vnUGi0yhKY4ghJcimMExViBimjbjYRSa+WIb/zh3QxNoXOhQAXx3tiuw==",
      "os": ["linux"],
      "cpu": ["arm"]
    },
    "@libsql/linux-arm-gnueabihf@0.5.20": {
      "integrity": "sha512-vfw5/R00ysWG0iMLxqV8I5mVnHwjofxuLAL9i6wwdexIIXusG1ExSIOP8/W6xvjPXetgzEVRo4A7zr1S6SGBBg==",
      "os": ["linux"],
      "cpu": ["arm"]
    },
    "@libsql/linux-arm-musleabihf@0.5.17": {
      "integrity": "sha512-vxOkSLG9Wspit+SNle84nuIzMtr2G2qaxFzW7BhsZBjlZ8+kErf9RXcT2YJQdJYxmBYRbsOrc91gg0jLEQVCqg==",
      "os": ["linux"],
      "cpu": ["arm"]
    },
    "@libsql/linux-arm-musleabihf@0.5.20": {
      "integrity": "sha512-VGqyvg0k3bg0JMMHCR0XrqBseFU9syWRxEbC0Aluipkw5Xsb+DSr9cNvMtGUbGDg2pEfkY/DDa9hTlst6K7P5w==",
      "os": ["linux"],
      "cpu": ["arm"]
    },
    "@libsql/linux-arm64-gnu@0.5.17": {
      "integrity": "sha512-L8jnaN01TxjBJlDuDTX2W2BKzBkAOhcnKfCOf3xzvvygblxnDOK0whkYwIXeTfwtd/rr4jN/d6dZD/bcHiDxEQ==",
      "os": ["linux"],
      "cpu": ["arm64"]
    },
    "@libsql/linux-arm64-gnu@0.5.20": {
      "integrity": "sha512-Wq6oF4goWp20G/LBmI6rdFY716bb81VCzyglkkAwqMwdJeIsaC0DRvD62nx1OSbSZmZMRDobqoe2ZP8BvMvXyQ==",
      "os": ["linux"],
      "cpu": ["arm64"]
    },
    "@libsql/linux-arm64-musl@0.5.17": {
      "integrity": "sha512-HfFD7TzQtmmTwyQsuiHhWZdMRtdNpKJ1p4tbMMTMRECk+971NFHrj69D64cc2ClVTAmn7fA9XibKPil7WN/Q7w==",
      "os": ["linux"],
      "cpu": ["arm64"]
    },
    "@libsql/linux-arm64-musl@0.5.20": {
      "integrity": "sha512-Xb112/q3/Z6lKKhwJgR2QVRYtRQblEB69VbStIVjKKw5RZv+r77ZSOHfsR3RHL+R66VN431+DLJBV0+B+AImQw==",
      "os": ["linux"],
      "cpu": ["arm64"]
    },
    "@libsql/linux-x64-gnu@0.5.17": {
      "integrity": "sha512-5l3XxWqUPVFrtX0xnZaXwqsXs0BFbP4w6ahRFTPSdXU50YBfUOajFznJRB6bJTMsCvraDSD0IkHhjSNfrE1CuQ==",
      "os": ["linux"],
      "cpu": ["x64"]
    },
    "@libsql/linux-x64-gnu@0.5.20": {
      "integrity": "sha512-fHUaOYx7cVqbqPLqOIArfPsuWnu+jk9ETR0gt/8rH1J6pW5qhdDWn3B35Hk/ZmzNacBFSWZnHxxhWnZMWYVnVA==",
      "os": ["linux"],
      "cpu": ["x64"]
    },
    "@libsql/linux-x64-musl@0.5.17": {
      "integrity": "sha512-FvSpWlwc+dIeYIFYlsSv+UdQ/NiZWr+SstwVji+QZ//8NnvzwWQU9cgP+Vpps6Qiq4jyYQm9chJhTYOVT9Y3BA==",
      "os": ["linux"],
      "cpu": ["x64"]
    },
    "@libsql/linux-x64-musl@0.5.20": {
      "integrity": "sha512-EpT1Va1L/y2w0Sj75lxRmaTyX/MD32eKpZiz++3mrE2zRTYAURo9GEbglvSC6Y5aRnLcHPx6XmR25wigRb8WZg==",
      "os": ["linux"],
      "cpu": ["x64"]
    },
    "@libsql/win32-x64-msvc@0.5.17": {
      "integrity": "sha512-f5bGH8+3A5sn6Lrqg8FsQ09a1pYXPnKGXGTFiAYlfQXVst1tUTxDTugnuWcJYKXyzDe/T7ccxyIZXeSmPOhq8A==",
      "os": ["win32"],
      "cpu": ["x64"]
    },
    "@libsql/win32-x64-msvc@0.5.20": {
      "integrity": "sha512-3/G5/SZWXmOCaNwEwDdiXEpjeY7NGx1khPjON1yi3BViKrb2TJiiHHn6zpCN7+ZWNibQFZylkETSTURRlealNA==",
      "os": ["win32"],
      "cpu": ["x64"]
    },
    "@neon-rs/load@0.0.4": {
      "integrity": "sha512-kTPhdZyTQxB+2wpiRcFWrDcejc4JI6tkPuS7UZCG4l6Zvc5kU/gGQ/ozvHTh1XR5tS+UlfAfGuPajjzQjCiHCw=="
    },
    "@opentelemetry/api@1.9.0": {
      "integrity": "sha512-3giAOQvZiH5F9bMlMiv8+GSPMeqg0dbaeo58/0SlA9sxSqZhnUtxzX9/2FzyhS9sWQf5S0GJE0AKBrFqjpeYcg=="
    },
    "@tursodatabase/serverless@0.1.3": {
      "integrity": "sha512-S30LgeIgUo2voGLI6F5sNjCZRBd/oUtneZi9zOry1jPZqeZVLJBHWXWyKkuW2/hLnbLT1AVIrenZ4yQav2+nZg=="
    },
    "@types/node@24.2.0": {
      "integrity": "sha512-3xyG3pMCq3oYCNg7/ZP+E1ooTaGB4cG8JWRsqqOYQdbWNY4zbaV0Ennrd7stjiJEFZCaybcIgpTjJWHRfBSIDw==",
      "dependencies": [
        "undici-types"
      ]
    },
    "@types/ws@8.18.1": {
      "integrity": "sha512-ThVF6DCVhA8kUGy+aazFQ4kXQ7E1Ty7A3ypFOe0IcJV8O/M511G99AW24irKrW56Wt44yG9+ij8FaqoBGkuBXg==",
      "dependencies": [
        "@types/node"
      ]
    },
    "data-uri-to-buffer@4.0.1": {
      "integrity": "sha512-0R9ikRb668HB7QDxT1vkpuUBtqc53YyAwMwGeUFKRojY/NWKvdZ+9UYtRfGmhqNbRkTSVpMbmyhXipFFv2cb/A=="
    },
    "detect-libc@2.0.2": {
      "integrity": "sha512-UX6sGumvvqSaXgdKGUsgZWqcUyIXZ/vZTrlRT/iobiKhGL0zL4d3osHj3uqllWJK+i+sixDS/3COVEOFbupFyw=="
    },
    "fetch-blob@3.2.0": {
      "integrity": "sha512-7yAQpD2UMJzLi1Dqv7qFYnPbaPx7ZfFK6PiIxQ4PfkGPyNyl2Ugx+a/umUonmKqjhM4DnfbMvdX6otXq83soQQ==",
      "dependencies": [
        "node-domexception",
        "web-streams-polyfill"
      ]
    },
    "formdata-polyfill@4.0.10": {
      "integrity": "sha512-buewHzMvYL29jdeQTVILecSaZKnt/RJWjoZCF5OW60Z67/GmSLBkOFM7qh1PI3zFNtJbaZL5eQu1vLfazOwj4g==",
      "dependencies": [
        "fetch-blob"
      ]
    },
    "js-base64@3.7.8": {
      "integrity": "sha512-hNngCeKxIUQiEUN3GPJOkz4wF/YvdUdbNL9hsBcMQTkKzboD7T/q3OYOuuPZLUE6dBxSGpwhk5mwuDud7JVAow=="
    },
    "libsql@0.5.17": {
      "integrity": "sha512-RRlj5XQI9+Wq+/5UY8EnugSWfRmHEw4hn3DKlPrkUgZONsge1PwTtHcpStP6MSNi8ohcbsRgEHJaymA33a8cBw==",
      "dependencies": [
        "@neon-rs/load",
        "detect-libc"
      ],
      "optionalDependencies": [
        "@libsql/darwin-arm64@0.5.17",
        "@libsql/darwin-x64@0.5.17",
        "@libsql/linux-arm-gnueabihf@0.5.17",
        "@libsql/linux-arm-musleabihf@0.5.17",
        "@libsql/linux-arm64-gnu@0.5.17",
        "@libsql/linux-arm64-musl@0.5.17",
        "@libsql/linux-x64-gnu@0.5.17",
        "@libsql/linux-x64-musl@0.5.17",
        "@libsql/win32-x64-msvc@0.5.17"
      ],
      "os": ["darwin", "linux", "win32"],
      "cpu": ["x64", "arm64", "wasm32", "arm"]
    },
    "libsql@0.5.20": {
      "integrity": "sha512-hkWCsiwTbNsrKeWqPh91ZZEcLDo0+WUnFv2QzITD33F7Er9KOlr7N2SGfNjAbnkciN+iPJ7g108Jkno1JFmzTw==",
      "dependencies": [
        "@neon-rs/load",
        "detect-libc"
      ],
      "optionalDependencies": [
        "@libsql/darwin-arm64@0.5.20",
        "@libsql/darwin-x64@0.5.20",
        "@libsql/linux-arm-gnueabihf@0.5.20",
        "@libsql/linux-arm-musleabihf@0.5.20",
        "@libsql/linux-arm64-gnu@0.5.20",
        "@libsql/linux-arm64-musl@0.5.20",
        "@libsql/linux-x64-gnu@0.5.20",
        "@libsql/linux-x64-musl@0.5.20",
        "@libsql/win32-x64-msvc@0.5.20"
      ],
      "os": ["darwin", "linux", "win32"],
      "cpu": ["x64", "arm64", "wasm32", "arm"]
    },
    "node-domexception@1.0.0": {
      "integrity": "sha512-/jKZoMpw0F8GRwl4/eLROPA3cfcXtLApP0QzLmUT/HuPCZWyB7IY9ZrMeKw2O/nFIqPQB3PVM9aYm0F312AXDQ==",
      "deprecated": true
    },
    "node-fetch@3.3.2": {
      "integrity": "sha512-dRB78srN/l6gqWulah9SrxeYnxeddIG30+GOqK/9OlLVyLg3HPnr6SqOWTWOXKRwC2eGYCkZ59NNuSgvSrpgOA==",
      "dependencies": [
        "data-uri-to-buffer",
        "fetch-blob",
        "formdata-polyfill"
      ]
    },
    "promise-limit@2.7.0": {
      "integrity": "sha512-7nJ6v5lnJsXwGprnGXga4wx6d1POjvi5Qmf1ivTRxTjH4Z/9Czja/UCMLVmB9N93GeWOU93XaFaEt6jbuoagNw=="
    },
    "undici-types@7.10.0": {
      "integrity": "sha512-t5Fy/nfn+14LuOc2KNYg75vZqClpAiqscVvMygNnlsHBFpSXdJaYtXMcdNLpl/Qvc3P2cB3s6lOV51nqsFq4ag=="
    },
    "web-streams-polyfill@3.3.3": {
      "integrity": "sha512-d2JWLCivmZYTSIoge9MsgFCZrt571BikcWGYkjC1khllbTeDlGqZ2D8vD8E/lJa8WGWbb7Plm8/XJYV7IJHZZw=="
    },
    "ws@8.18.3": {
      "integrity": "sha512-PEIGCY5tSlUt50cqyMXfCzX+oOPqN0vuGqWzbcJ2xvnkzkq46oOpz7dQaTDBdfICb4N14+GARUDw2XV2N4tvzg=="
    }
  },
  "redirects": {
    "https://esm.sh/@libsql/core@^0.6.0/api?target=denonext": "https://esm.sh/@libsql/core@0.6.2/api?target=denonext",
    "https://esm.sh/@libsql/core@^0.6.0/config?target=denonext": "https://esm.sh/@libsql/core@0.6.2/config?target=denonext",
    "https://esm.sh/@libsql/core@^0.6.0/uri?target=denonext": "https://esm.sh/@libsql/core@0.6.2/uri?target=denonext",
    "https://esm.sh/@libsql/core@^0.6.0/util?target=denonext": "https://esm.sh/@libsql/core@0.6.2/util?target=denonext",
    "https://esm.sh/@libsql/hrana-client@^0.6.0?target=denonext": "https://esm.sh/@libsql/hrana-client@0.6.2?target=denonext",
    "https://esm.sh/@libsql/isomorphic-fetch@^0.2.1?target=denonext": "https://esm.sh/@libsql/isomorphic-fetch@0.2.5?target=denonext",
    "https://esm.sh/@libsql/isomorphic-ws@^0.1.5?target=denonext": "https://esm.sh/@libsql/isomorphic-ws@0.1.5?target=denonext",
    "https://esm.sh/@types/ws@~8.5.13/index.d.mts": "https://esm.sh/@types/ws@8.5.14/index.d.mts",
    "https://esm.sh/js-base64@^3.7.5?target=denonext": "https://esm.sh/js-base64@3.7.8?target=denonext"
  },
  "remote": {
    "https://cdn.jsdelivr.net/npm/d3-array@3.0.0/+esm": "29d2ac6c52b56252a76a48f2445d63ce783ce084e52e604c29373aae59a6edce",
    "https://cdn.jsdelivr.net/npm/d3-array@3.0.4/+esm": "601b812c01fe00cea9b694e2185c762b728b302b162571b57e5f7f407fbf4c85",
    "https://cdn.jsdelivr.net/npm/d3-array@3.2.0/+esm": "de7bde4b635e030861fd7ea1076add4c07c78dba8b25066c2d1f0343bb46ea20",
    "https://cdn.jsdelivr.net/npm/d3-array@3.2.1/+esm": "997cc548380a033680200bdaff49808a87f8796e11a635c6f5192e0beac2aa4a",
    "https://cdn.jsdelivr.net/npm/d3-array@3.2.4/+esm": "00124633cfb0cddce4026324956d3f551ec4b299904ff6f66139408ff02845b4",
    "https://cdn.jsdelivr.net/npm/d3-axis@3.0.0/+esm": "61e28b8a5f9464b6596f985322011d2eab6041bebbdb04498fbb035c23ad41d1",
    "https://cdn.jsdelivr.net/npm/d3-brush@3.0.0/+esm": "1bb4f016fa547fd158010300c188b1a09445225acc7d91254b16abf3ba323ae9",
    "https://cdn.jsdelivr.net/npm/d3-chord@3.0.1/+esm": "85208d2c6b9cf87ff71da739083a358d6a739e9c4a378c550407c70c3b41f298",
    "https://cdn.jsdelivr.net/npm/d3-color@3.0.1/+esm": "9fc41cc5d53b83d988942fcf9bc9da62c54d34cc3c121517b9b6c9b8b9b790a2",
    "https://cdn.jsdelivr.net/npm/d3-color@3.1.0/+esm": "08bccc81c68a294df86e1d4b413387f67689c90db61e21eccdd690b73ed1e933",
    "https://cdn.jsdelivr.net/npm/d3-contour@4.0.2/+esm": "8410fcb1f5f8c66a0c018564ce46615b65b0a422f4d976de135bb568a666369e",
    "https://cdn.jsdelivr.net/npm/d3-delaunay@6.0.4/+esm": "cc6268f452cbd3ae25391f6d3d63a735ca3c3353f71ea399eee897293e89bdd8",
    "https://cdn.jsdelivr.net/npm/d3-dispatch@3.0.1/+esm": "63f5c306f23852d810df4450b0372774701c47f77e457d1bec809c31d4a55e77",
    "https://cdn.jsdelivr.net/npm/d3-drag@3.0.0/+esm": "d748c1035d9a2f8e395a7d13dab1510534f534deda60117820dd1f76454df96d",
    "https://cdn.jsdelivr.net/npm/d3-dsv@3.0.1/+esm": "bdbe7743549835097b424da9aec1e93eadb2ba9e6b05fc2bb55d54d65ce20392",
    "https://cdn.jsdelivr.net/npm/d3-ease@3.0.1/+esm": "10a251021b0a562850b4e72ccdde3f1fd038cf307d42a201b2c13be2bbf59536",
    "https://cdn.jsdelivr.net/npm/d3-fetch@3.0.1/+esm": "c79176d0c6c03573031ccefefa39b99ab6260ab69c408fcf315680f3cedb87bf",
    "https://cdn.jsdelivr.net/npm/d3-force@3.0.0/+esm": "8f9da342f8cea4530a7958316906648fc935741c79c6d8d222022763fd97e6d6",
    "https://cdn.jsdelivr.net/npm/d3-format@3.0.1/+esm": "80aee7548d783302180f403cda8bd85692e5d11a436485da8df1be517f51d5d6",
    "https://cdn.jsdelivr.net/npm/d3-format@3.1.0/+esm": "1c3c0b078e1735ed3a2d7237ad58e9080903ad0902b2b9808cddb86def929b10",
    "https://cdn.jsdelivr.net/npm/d3-geo@3.1.1/+esm": "2b74d3f305b8a4b2414550dc51defe1ffdbfe4d73873d28882201e2d2b47877b",
    "https://cdn.jsdelivr.net/npm/d3-hierarchy@3.1.2/+esm": "5fdc8749ae698dc7f70f44caa3d2798910b82363523ccdbc6cb96415d4c19c45",
    "https://cdn.jsdelivr.net/npm/d3-interpolate@3.0.1/+esm": "86132018fe90863381cb9b51138b4359975ad5cb3d2e42d7af936d8a5d0fefc5",
    "https://cdn.jsdelivr.net/npm/d3-path@3.0.1/+esm": "4bb4c62af9903b69dcbd110341e402f64eed59b924f3d9cd4688fbadbea7598c",
    "https://cdn.jsdelivr.net/npm/d3-path@3.1.0/+esm": "300269356f769c84f768e5cd7afb470459287dffb5e915c842300d50b8262fc7",
    "https://cdn.jsdelivr.net/npm/d3-polygon@3.0.1/+esm": "324bb7e6b837a6e68ad55ec13151d2f86ec07783536563da28440f9824109105",
    "https://cdn.jsdelivr.net/npm/d3-quadtree@3.0.1/+esm": "fd27b5b70e4b15a377b4ffd2e55bd79634e9d703f9409757b4a1e6342fba2289",
    "https://cdn.jsdelivr.net/npm/d3-random@3.0.1/+esm": "bb573395984dab9a43c8b92d64159ee209d24b792b4bdf429e4f1a99f5ae7fc8",
    "https://cdn.jsdelivr.net/npm/d3-scale-chromatic@3.1.0/+esm": "3a994f03f9a24606241fe202a2a36c10b9385fe175c5ebc488bc2cb30cc759ce",
    "https://cdn.jsdelivr.net/npm/d3-scale@4.0.2/+esm": "c03f6709329013e41a79e16750fc60974bf30df8b6f83259df20baa486eacfdf",
    "https://cdn.jsdelivr.net/npm/d3-selection@3.0.0/+esm": "990a2793cbe1e3b4576c6e5ba9e8ade8e4fa2f1fb7e1806c5e7ce00939412b83",
    "https://cdn.jsdelivr.net/npm/d3-shape@3.2.0/+esm": "66d7e31727a8cc96698e8f334265ee8068a4b0c87dc56ddc37165e12784a44fd",
    "https://cdn.jsdelivr.net/npm/d3-time-format@4.0.0/+esm": "07652e51cea2eca9f28b9b24e9bbda4f5258df615b9e44f7be1cb3f03546f83f",
    "https://cdn.jsdelivr.net/npm/d3-time-format@4.1.0/+esm": "94ad07fcaf5f689cd50d543f1a26c6677c82fafaaa5eead136bfc4cbe8a562b8",
    "https://cdn.jsdelivr.net/npm/d3-time@3.0.0/+esm": "3b449baacf37e9f80a410275a4c961260dc6be3ae8fc884a3d3dd9cb7e6aa70b",
    "https://cdn.jsdelivr.net/npm/d3-time@3.1.0/+esm": "9d27578bc809839498f511a0b45d9a22e01a47a01cb1793616fe2136c93b1c23",
    "https://cdn.jsdelivr.net/npm/d3-timer@3.0.1/+esm": "0021f52d3c8cd73237be9688861775ef4891494b852bd06e162ae1b4c623610a",
    "https://cdn.jsdelivr.net/npm/d3-transition@3.0.1/+esm": "9305da4920af397ee11f139935bca92d08c3c10e9ff2fb3efc3df00a2f10c051",
    "https://cdn.jsdelivr.net/npm/d3-zoom@3.0.0/+esm": "0b25a604005e21abcfb1ec9dfb6fdf24836199ab8ae1ce96b8332f66f6d3730f",
    "https://cdn.jsdelivr.net/npm/d3@7/+esm": "c86957133e5dd5f1ccd99dd65b8f18e76619d8b0cd670c5382039d88a64e3e0e",
    "https://cdn.jsdelivr.net/npm/delaunator@5.0.0/+esm": "9d7397ec7b3920c77de74120dbe848e31700990d7a2cc6a283dee1dc445425ef",
    "https://cdn.jsdelivr.net/npm/internmap@2.0.0/+esm": "51b39f82a5cda5432980f6891e2775439bd0b5a808dfd419d0e028922bd2bbbc",
    "https://cdn.jsdelivr.net/npm/internmap@2.0.3/+esm": "3fb8d63cd1b484f1e3c1ff238c54cad1f5c3d73afe57325b50565dbfcc351eaf",
    "https://cdn.jsdelivr.net/npm/robust-predicates@3.0.0/+esm": "dd41217f39ed9d7c1ace96bec896667eceeba7f71739148bc9b77b8898feb7e6",
    "https://esm.sh/@libsql/client@0.6.0/denonext/http.mjs": "148037581e5bb18e1b4d538611ca902103b9d05dfb331a3b1e615102a6d4204c",
    "https://esm.sh/@libsql/client@0.6.0/denonext/lib-esm/hrana.mjs": "7de504e4bfb97232286984b7b2df280a8a22d6b0a95c6fa2bf0dc8300963cfb9",
    "https://esm.sh/@libsql/client@0.6.0/denonext/lib-esm/sql_cache.mjs": "60c67baa99a6c37b73a96c1b66bb93295460f1eb89197befe7957e5441cb0046",
    "https://esm.sh/@libsql/client@0.6.0/denonext/web.mjs": "753c925c0c42839e5dc6cd9545d3857f235cc86d61d202b2fcc4f769c24d3af2",
    "https://esm.sh/@libsql/client@0.6.0/denonext/ws.mjs": "77353749d561df39bdd259fd61662859683139b527db150b501c77ff633948fa",
    "https://esm.sh/@libsql/client@0.6.0/web": "1b94d6f16284ebc3a7424499a5db8f5d01ae04403847a4cf3d2b6c2f18d2ffaa",
    "https://esm.sh/@libsql/core@0.6.2/api?target=denonext": "822c5ca0d275c77eada3263848d3671a015eb04cbdbd49ef3a6da53e2c5a3966",
    "https://esm.sh/@libsql/core@0.6.2/config?target=denonext": "e804f2d6faec42aeb9d8d01444acfa61ccd6a110082a18b38954ee72bc57b555",
    "https://esm.sh/@libsql/core@0.6.2/denonext/api.mjs": "4666c2f1616b4f726cad8693de709f5ce9ee5c54403faca6afc638af71226393",
    "https://esm.sh/@libsql/core@0.6.2/denonext/config.mjs": "1a81494c5a1f2bd3a4ad0e342e39a726dec2215d004396be8b4ae12368231544",
    "https://esm.sh/@libsql/core@0.6.2/denonext/uri.mjs": "ff5528490e7495c51111b336ecf8ec253e05e999e59cd09332c8e34b05c59963",
    "https://esm.sh/@libsql/core@0.6.2/denonext/util.mjs": "5bec6660d3c9d3239e1a71c542368d6a8bea3c230c504b4a7e279f797e73c737",
    "https://esm.sh/@libsql/core@0.6.2/uri?target=denonext": "8e98eeca38a501f9b54e78db24b9fcec5d6e2d3e6cf6b62ad43bc00304998993",
    "https://esm.sh/@libsql/core@0.6.2/util?target=denonext": "921b1c575afc0471937fc9bc2bd0d114e8dba324b6dc863c82ae1a694af0052d",
    "https://esm.sh/@libsql/hrana-client@0.6.2/denonext/hrana-client.mjs": "745551ed76a95591f6ae08d2b4a3bf7384be99b21580f66270d3cdede1ba2447",
    "https://esm.sh/@libsql/hrana-client@0.6.2?target=denonext": "4c32b73eb71515d731ac4169b3e951cd41402ccbb4c33e42fc55ab9aafafe4e5",
    "https://esm.sh/@libsql/isomorphic-fetch@0.2.5/denonext/isomorphic-fetch.mjs": "e5c81d082ca4319b8f8e40644bcf60e9f47e3a9615b8e25fc0fa757d90ec4d61",
    "https://esm.sh/@libsql/isomorphic-fetch@0.2.5?target=denonext": "e52f931ee2fa28e03406ca26a7c47b75cf6731fb81fa41b4ed72910ee65c8e3b",
    "https://esm.sh/@libsql/isomorphic-ws@0.1.5/denonext/isomorphic-ws.mjs": "9d104b6fe80cb913bd8b09e76a6e7e83e5d7537bd7dbf1d593da5842888cd2b2",
    "https://esm.sh/@libsql/isomorphic-ws@0.1.5?target=denonext": "0d1a1aa981e92234677ee9b98e72d31125bde45d08cb653917dd2c5144001c9a",
    "https://esm.sh/js-base64@3.7.8/denonext/js-base64.mjs": "ccf0b96c1ebd19736340ad9465fe131b89f6d4600266c1d1c865b09e2552f20b",
    "https://esm.sh/js-base64@3.7.8?target=denonext": "370dcd4bb3446e481af0844569a77f475f1580794f4fdf034f5d89a9cb6f7c9f"
  },
  "workspace": {
    "dependencies": [
      "jsr:@hono/hono@^4.9.4",
      "npm:@libsql/client@~0.15.14",
      "npm:@opentelemetry/api@^1.9.0",
      "npm:@tursodatabase/serverless@~0.1.3",
      "npm:libsql@0.5.17"
    ]
  }
}
